{
  "name": "TuteCoin_Proj",
  "version": "1.0.0",
  "lockfileVersion": 2,
  "requires": true,
  "packages": {
    "": {
      "version": "1.0.0",
      "license": "ISC",
      "dependencies": {
        "hex-to-binary": "^1.0.1"
      },
      "devDependencies": {
        "jest": "*"
      }
    },
    "node_modules/hex-to-binary": {
      "version": "1.0.1",
      "resolved": "https://registry.npmjs.org/hex-to-binary/-/hex-to-binary-1.0.1.tgz",
      "integrity": "sha1-YcevAW/CK86pcE2fLpo46MfbuFQ="
    },
    "node_modules/jest": {
      "dev": true
    }
  },
  "dependencies": {
    "hex-to-binary": {
      "version": "1.0.1",
      "resolved": "https://registry.npmjs.org/hex-to-binary/-/hex-to-binary-1.0.1.tgz",
      "integrity": "sha1-YcevAW/CK86pcE2fLpo46MfbuFQ="
    },
    "jest": {
      "dev": true
    }
  }
}
